
Microsoft Visual Studio Solution File, Format Version 12.00
# Visual Studio 15
VisualStudioVersion = 15.0.28307.136
MinimumVisualStudioVersion = 10.0.40219.1
Project("{00D1A9C2-B5F0-4AF3-8072-F6C62B433612}") = "witchfunc", "witchfunc\witchfunc.sqlproj", "{161FF9CE-4566-4C14-A2F6-AF9AB812F5DD}"
EndProject
Global
	GlobalSection(SolutionConfigurationPlatforms) = preSolution
		Debug|Any CPU = Debug|Any CPU
		Release|Any CPU = Release|Any CPU
	EndGlobalSection
	GlobalSection(ProjectConfigurationPlatforms) = postSolution
		{161FF9CE-4566-4C14-A2F6-AF9AB812F5DD}.Debug|Any CPU.ActiveCfg = Debug|Any CPU
		{161FF9CE-4566-4C14-A2F6-AF9AB812F5DD}.Debug|Any CPU.Build.0 = Debug|Any CPU
		{161FF9CE-4566-4C14-A2F6-AF9AB812F5DD}.Debug|Any CPU.Deploy.0 = Debug|Any CPU
		{161FF9CE-4566-4C14-A2F6-AF9AB812F5DD}.Release|Any CPU.ActiveCfg = Release|Any CPU
		{161FF9CE-4566-4C14-A2F6-AF9AB812F5DD}.Release|Any CPU.Build.0 = Release|Any CPU
		{161FF9CE-4566-4C14-A2F6-AF9AB812F5DD}.Release|Any CPU.Deploy.0 = Release|Any CPU
	EndGlobalSection
	GlobalSection(SolutionProperties) = preSolution
		HideSolutionNode = FALSE
	EndGlobalSection
	GlobalSection(ExtensibilityGlobals) = postSolution
		SolutionGuid = {7D6BFF1C-01CD-4A35-9445-FFDEDD193ADC}
	EndGlobalSection
EndGlobal
